
Microsoft Visual Studio Solution File, Format Version 12.00
# Visual Studio Version 17
VisualStudioVersion = 17.14.36429.23 d17.14
MinimumVisualStudioVersion = 10.0.40219.1
Project("{FAE04EC0-301F-11D3-BF4B-00C04F79EFBC}") = "DriverLicense", "DriverLicense\DriverLicense.csproj", "{428F7BEB-FFFB-480F-8E76-2024C9ACFD44}"
EndProject
Project("{FAE04EC0-301F-11D3-BF4B-00C04F79EFBC}") = "Test", "Test\Test.csproj", "{FECEBC26-DB3D-4290-9DAC-C56D77CAFC04}"
EndProject
Global
	GlobalSection(SolutionConfigurationPlatforms) = preSolution
		Debug|Any CPU = Debug|Any CPU
		Release|Any CPU = Release|Any CPU
	EndGlobalSection
	GlobalSection(ProjectConfigurationPlatforms) = postSolution
		{428F7BEB-FFFB-480F-8E76-2024C9ACFD44}.Debug|Any CPU.ActiveCfg = Debug|Any CPU
		{428F7BEB-FFFB-480F-8E76-2024C9ACFD44}.Debug|Any CPU.Build.0 = Debug|Any CPU
		{428F7BEB-FFFB-480F-8E76-2024C9ACFD44}.Release|Any CPU.ActiveCfg = Release|Any CPU
		{428F7BEB-FFFB-480F-8E76-2024C9ACFD44}.Release|Any CPU.Build.0 = Release|Any CPU
		{FECEBC26-DB3D-4290-9DAC-C56D77CAFC04}.Debug|Any CPU.ActiveCfg = Debug|Any CPU
		{FECEBC26-DB3D-4290-9DAC-C56D77CAFC04}.Debug|Any CPU.Build.0 = Debug|Any CPU
		{FECEBC26-DB3D-4290-9DAC-C56D77CAFC04}.Release|Any CPU.ActiveCfg = Release|Any CPU
		{FECEBC26-DB3D-4290-9DAC-C56D77CAFC04}.Release|Any CPU.Build.0 = Release|Any CPU
	EndGlobalSection
	GlobalSection(SolutionProperties) = preSolution
		HideSolutionNode = FALSE
	EndGlobalSection
	GlobalSection(ExtensibilityGlobals) = postSolution
		SolutionGuid = {391C1496-D880-4A91-918D-EFCC819FA070}
	EndGlobalSection
EndGlobal
